
Microsoft Visual Studio Solution File, Format Version 12.00
# Visual Studio Version 16
VisualStudioVersion = 16.0.29519.181
MinimumVisualStudioVersion = 10.0.40219.1
Project("{8BC9CEB8-8B4A-11D0-8D11-00A0C91BC942}") = "SALobby", "SALobby\SALobby.vcxproj", "{B77727DD-95BD-45E7-97AD-64F61E27E6B0}"
EndProject
Global
	GlobalSection(SolutionConfigurationPlatforms) = preSolution
		Debug|x64 = Debug|x64
		Debug|x86 = Debug|x86
		Release|x64 = Release|x64
		Release|x86 = Release|x86
	EndGlobalSection
	GlobalSection(ProjectConfigurationPlatforms) = postSolution
		{B77727DD-95BD-45E7-97AD-64F61E27E6B0}.Debug|x64.ActiveCfg = Debug|x64
		{B77727DD-95BD-45E7-97AD-64F61E27E6B0}.Debug|x64.Build.0 = Debug|x64
		{B77727DD-95BD-45E7-97AD-64F61E27E6B0}.Debug|x86.ActiveCfg = Debug|Win32
		{B77727DD-95BD-45E7-97AD-64F61E27E6B0}.Debug|x86.Build.0 = Debug|Win32
		{B77727DD-95BD-45E7-97AD-64F61E27E6B0}.Release|x64.ActiveCfg = Release|x64
		{B77727DD-95BD-45E7-97AD-64F61E27E6B0}.Release|x64.Build.0 = Release|x64
		{B77727DD-95BD-45E7-97AD-64F61E27E6B0}.Release|x86.ActiveCfg = Release|Win32
		{B77727DD-95BD-45E7-97AD-64F61E27E6B0}.Release|x86.Build.0 = Release|Win32
	EndGlobalSection
	GlobalSection(SolutionProperties) = preSolution
		HideSolutionNode = FALSE
	EndGlobalSection
	GlobalSection(ExtensibilityGlobals) = postSolution
		SolutionGuid = {A11643F8-BE15-4F56-BD35-9EDDE3A83DD5}
	EndGlobalSection
EndGlobal
